// !$*UTF8*$!
{
	archiveVersion = 1;
	classes = {
	};
	objectVersion = 50;
	objects = {

/* Begin PBXBuildFile section */
		600A202524588BD100CB9316 /* AppDelegate.swift in Sources */ = {isa = PBXBuildFile; fileRef = 600A202424588BD100CB9316 /* AppDelegate.swift */; };
		600A202924588BD100CB9316 /* ViewController.swift in Sources */ = {isa = PBXBuildFile; fileRef = 600A202824588BD100CB9316 /* ViewController.swift */; };
		600A202E24588BD100CB9316 /* Assets.xcassets in Resources */ = {isa = PBXBuildFile; fileRef = 600A202D24588BD100CB9316 /* Assets.xcassets */; };
		600A203124588BD100CB9316 /* LaunchScreen.storyboard in Resources */ = {isa = PBXBuildFile; fileRef = 600A202F24588BD100CB9316 /* LaunchScreen.storyboard */; };
		600A203E24588C4E00CB9316 /* NavigationController.m in Sources */ = {isa = PBXBuildFile; fileRef = 600A203D24588C4E00CB9316 /* NavigationController.m */; };
		60AF293F246F91B800E78967 /* _Template_Project0x07.framework in Frameworks */ = {isa = PBXBuildFile; fileRef = 60AF293E246F91B800E78967 /* _Template_Project0x07.framework */; };
		60AF2940246F91B800E78967 /* _Template_Project0x07.framework in Embed Frameworks */ = {isa = PBXBuildFile; fileRef = 60AF293E246F91B800E78967 /* _Template_Project0x07.framework */; settings = {ATTRIBUTES = (CodeSignOnCopy, RemoveHeadersOnCopy, ); }; };
/* End PBXBuildFile section */

/* Begin PBXCopyFilesBuildPhase section */
		60AF2941246F91B900E78967 /* Embed Frameworks */ = {
			isa = PBXCopyFilesBuildPhase;
			buildActionMask = 2147483647;
			dstPath = "";
			dstSubfolderSpec = 10;
			files = (
				60AF2940246F91B800E78967 /* _Template_Project0x07.framework in Embed Frameworks */,
			);
			name = "Embed Frameworks";
			runOnlyForDeploymentPostprocessing = 0;
		};
/* End PBXCopyFilesBuildPhase section */

/* Begin PBXFileReference section */
		600A202124588BD100CB9316 /* _Template_Project0x07 Example.app */ = {isa = PBXFileReference; explicitFileType = wrapper.application; includeInIndex = 0; path = "_Template_Project0x07 Example.app"; sourceTree = BUILT_PRODUCTS_DIR; };
		600A202424588BD100CB9316 /* AppDelegate.swift */ = {isa = PBXFileReference; lastKnownFileType = sourcecode.swift; path = AppDelegate.swift; sourceTree = "<group>"; };
		600A202824588BD100CB9316 /* ViewController.swift */ = {isa = PBXFileReference; lastKnownFileType = sourcecode.swift; path = ViewController.swift; sourceTree = "<group>"; };
		600A202D24588BD100CB9316 /* Assets.xcassets */ = {isa = PBXFileReference; lastKnownFileType = folder.assetcatalog; path = Assets.xcassets; sourceTree = "<group>"; };
		600A203024588BD100CB9316 /* Base */ = {isa = PBXFileReference; lastKnownFileType = file.storyboard; name = Base; path = Base.lproj/LaunchScreen.storyboard; sourceTree = "<group>"; };
		600A203224588BD100CB9316 /* Info.plist */ = {isa = PBXFileReference; lastKnownFileType = text.plist.xml; path = Info.plist; sourceTree = "<group>"; };
		600A203B24588C4E00CB9316 /* Example iOS-Bridging-Header.h */ = {isa = PBXFileReference; lastKnownFileType = sourcecode.c.h; path = "Example iOS-Bridging-Header.h"; sourceTree = "<group>"; };
		600A203C24588C4E00CB9316 /* NavigationController.h */ = {isa = PBXFileReference; lastKnownFileType = sourcecode.c.h; path = NavigationController.h; sourceTree = "<group>"; };
		600A203D24588C4E00CB9316 /* NavigationController.m */ = {isa = PBXFileReference; lastKnownFileType = sourcecode.c.objc; path = NavigationController.m; sourceTree = "<group>"; };
		60AF293E246F91B800E78967 /* _Template_Project0x07.framework */ = {isa = PBXFileReference; explicitFileType = wrapper.framework; path = _Template_Project0x07.framework; sourceTree = BUILT_PRODUCTS_DIR; };
		60AF294D246F994900E78967 /* Podfile */ = {isa = PBXFileReference; explicitFileType = text.script.ruby; name = Podfile; path = ../Podfile; sourceTree = "<group>"; };
/* End PBXFileReference section */

/* Begin PBXFrameworksBuildPhase section */
		600A201E24588BD100CB9316 /* Frameworks */ = {
			isa = PBXFrameworksBuildPhase;
			buildActionMask = 2147483647;
			files = (
				60AF293F246F91B800E78967 /* _Template_Project0x07.framework in Frameworks */,
			);
			runOnlyForDeploymentPostprocessing = 0;
		};
/* End PBXFrameworksBuildPhase section */

/* Begin PBXGroup section */
		600A201624588BAF00CB9316 = {
			isa = PBXGroup;
			children = (
				60AF294D246F994900E78967 /* Podfile */,
				600A202324588BD100CB9316 /* Sources */,
				600A202224588BD100CB9316 /* Products */,
				60AF293D246F91B800E78967 /* Frameworks */,
			);
			sourceTree = "<group>";
		};
		600A202224588BD100CB9316 /* Products */ = {
			isa = PBXGroup;
			children = (
				600A202124588BD100CB9316 /* _Template_Project0x07 Example.app */,
			);
			name = Products;
			sourceTree = "<group>";
		};
		600A202324588BD100CB9316 /* Sources */ = {
			isa = PBXGroup;
			children = (
				600A203824588C1600CB9316 /* Application */,
				600A203624588BEF00CB9316 /* Supporting Files */,
			);
			path = Sources;
			sourceTree = "<group>";
		};
		600A203624588BEF00CB9316 /* Supporting Files */ = {
			isa = PBXGroup;
			children = (
				600A203224588BD100CB9316 /* Info.plist */,
				600A202D24588BD100CB9316 /* Assets.xcassets */,
				600A202F24588BD100CB9316 /* LaunchScreen.storyboard */,
				600A203B24588C4E00CB9316 /* Example iOS-Bridging-Header.h */,
			);
			name = "Supporting Files";
			sourceTree = "<group>";
		};
		600A203824588C1600CB9316 /* Application */ = {
			isa = PBXGroup;
			children = (
				600A202424588BD100CB9316 /* AppDelegate.swift */,
				600A202824588BD100CB9316 /* ViewController.swift */,
				600A203C24588C4E00CB9316 /* NavigationController.h */,
				600A203D24588C4E00CB9316 /* NavigationController.m */,
			);
			path = Application;
			sourceTree = "<group>";
		};
		60AF293D246F91B800E78967 /* Frameworks */ = {
			isa = PBXGroup;
			children = (
				60AF293E246F91B800E78967 /* _Template_Project0x07.framework */,
			);
			name = Frameworks;
			sourceTree = "<group>";
		};
/* End PBXGroup section */

/* Begin PBXNativeTarget section */
		600A202024588BD100CB9316 /* Example iOS */ = {
			isa = PBXNativeTarget;
			buildConfigurationList = 600A203324588BD100CB9316 /* Build configuration list for PBXNativeTarget "Example iOS" */;
			buildPhases = (
				600A201D24588BD100CB9316 /* Sources */,
				600A201E24588BD100CB9316 /* Frameworks */,
				600A201F24588BD100CB9316 /* Resources */,
				60AF2941246F91B900E78967 /* Embed Frameworks */,
			);
			buildRules = (
			);
			dependencies = (
			);
			name = "Example iOS";
			productName = "Example iOS";
			productReference = 600A202124588BD100CB9316 /* _Template_Project0x07 Example.app */;
			productType = "com.apple.product-type.application";
		};
/* End PBXNativeTarget section */

/* Begin PBXProject section */
		600A201724588BAF00CB9316 /* Project object */ = {
			isa = PBXProject;
			attributes = {
				LastSwiftUpdateCheck = 1140;
				LastUpgradeCheck = 1140;
				TargetAttributes = {
					600A202024588BD100CB9316 = {
						CreatedOnToolsVersion = 11.4.1;
						LastSwiftMigration = 1140;
					};
				};
			};
			buildConfigurationList = 600A201A24588BAF00CB9316 /* Build configuration list for PBXProject "Examples" */;
			compatibilityVersion = "Xcode 9.3";
			developmentRegion = en;
			hasScannedForEncodings = 0;
			knownRegions = (
				en,
				Base,
			);
			mainGroup = 600A201624588BAF00CB9316;
			productRefGroup = 600A202224588BD100CB9316 /* Products */;
			projectDirPath = "";
			projectRoot = "";
			targets = (
				600A202024588BD100CB9316 /* Example iOS */,
			);
		};
/* End PBXProject section */

/* Begin PBXResourcesBuildPhase section */
		600A201F24588BD100CB9316 /* Resources */ = {
			isa = PBXResourcesBuildPhase;
			buildActionMask = 2147483647;
			files = (
				600A203124588BD100CB9316 /* LaunchScreen.storyboard in Resources */,
				600A202E24588BD100CB9316 /* Assets.xcassets in Resources */,
			);
			runOnlyForDeploymentPostprocessing = 0;
		};
/* End PBXResourcesBuildPhase section */

/* Begin PBXSourcesBuildPhase section */
		600A201D24588BD100CB9316 /* Sources */ = {
			isa = PBXSourcesBuildPhase;
			buildActionMask = 2147483647;
			files = (
				600A202924588BD100CB9316 /* ViewController.swift in Sources */,
				600A202524588BD100CB9316 /* AppDelegate.swift in Sources */,
				600A203E24588C4E00CB9316 /* NavigationController.m in Sources */,
			);
			runOnlyForDeploymentPostprocessing = 0;
		};
/* End PBXSourcesBuildPhase section */

/* Begin PBXVariantGroup section */
		600A202F24588BD100CB9316 /* LaunchScreen.storyboard */ = {
			isa = PBXVariantGroup;
			children = (
				600A203024588BD100CB9316 /* Base */,
			);
			name = LaunchScreen.storyboard;
			sourceTree = "<group>";
		};
/* End PBXVariantGroup section */

/* Begin XCBuildConfiguration section */
		600A201B24588BAF00CB9316 /* Debug */ = {
			isa = XCBuildConfiguration;
			buildSettings = {
			};
			name = Debug;
		};
		600A201C24588BAF00CB9316 /* Release */ = {
			isa = XCBuildConfiguration;
			buildSettings = {
			};
			name = Release;
		};
		600A203424588BD100CB9316 /* Debug */ = {
			isa = XCBuildConfiguration;
			buildSettings = {
				ALWAYS_SEARCH_USER_PATHS = NO;
				ASSETCATALOG_COMPILER_APPICON_NAME = AppIcon;
				CLANG_ANALYZER_NONNULL = YES;
				CLANG_ANALYZER_NUMBER_OBJECT_CONVERSION = YES_AGGRESSIVE;
				CLANG_CXX_LANGUAGE_STANDARD = "gnu++14";
				CLANG_CXX_LIBRARY = "libc++";
				CLANG_ENABLE_MODULES = YES;
				CLANG_ENABLE_OBJC_ARC = YES;
				CLANG_ENABLE_OBJC_WEAK = YES;
				CLANG_WARN_BLOCK_CAPTURE_AUTORELEASING = YES;
				CLANG_WARN_BOOL_CONVERSION = YES;
				CLANG_WARN_COMMA = YES;
				CLANG_WARN_CONSTANT_CONVERSION = YES;
				CLANG_WARN_DEPRECATED_OBJC_IMPLEMENTATIONS = YES;
				CLANG_WARN_DIRECT_OBJC_ISA_USAGE = YES_ERROR;
				CLANG_WARN_DOCUMENTATION_COMMENTS = YES;
				CLANG_WARN_EMPTY_BODY = YES;
				CLANG_WARN_ENUM_CONVERSION = YES;
				CLANG_WARN_INFINITE_RECURSION = YES;
				CLANG_WARN_INT_CONVERSION = YES;
				CLANG_WARN_NON_LITERAL_NULL_CONVERSION = YES;
				CLANG_WARN_OBJC_IMPLICIT_RETAIN_SELF = YES;
				CLANG_WARN_OBJC_LITERAL_CONVERSION = YES;
				CLANG_WARN_OBJC_ROOT_CLASS = YES_ERROR;
				CLANG_WARN_RANGE_LOOP_ANALYSIS = YES;
				CLANG_WARN_STRICT_PROTOTYPES = YES;
				CLANG_WARN_SUSPICIOUS_MOVE = YES;
				CLANG_WARN_UNGUARDED_AVAILABILITY = YES_AGGRESSIVE;
				CLANG_WARN_UNREACHABLE_CODE = YES;
				CLANG_WARN__DUPLICATE_METHOD_MATCH = YES;
				CODE_SIGN_STYLE = Automatic;
				COPY_PHASE_STRIP = NO;
				DEBUG_INFORMATION_FORMAT = dwarf;
				ENABLE_STRICT_OBJC_MSGSEND = YES;
				ENABLE_TESTABILITY = YES;
				GCC_C_LANGUAGE_STANDARD = gnu11;
				GCC_DYNAMIC_NO_PIC = NO;
				GCC_NO_COMMON_BLOCKS = YES;
				GCC_OPTIMIZATION_LEVEL = 0;
				GCC_PREPROCESSOR_DEFINITIONS = (
					"DEBUG=1",
					"$(inherited)",
				);
				GCC_WARN_64_TO_32_BIT_CONVERSION = YES;
				GCC_WARN_ABOUT_RETURN_TYPE = YES_ERROR;
				GCC_WARN_UNDECLARED_SELECTOR = YES;
				GCC_WARN_UNINITIALIZED_AUTOS = YES_AGGRESSIVE;
				GCC_WARN_UNUSED_FUNCTION = YES;
				GCC_WARN_UNUSED_VARIABLE = YES;
				INFOPLIST_FILE = "$(SRCROOT)/Sources/Info.plist";
				IPHONEOS_DEPLOYMENT_TARGET = 9.0;
				LD_RUNPATH_SEARCH_PATHS = (
					"$(inherited)",
					"@executable_path/Frameworks",
				);
				MTL_ENABLE_DEBUG_INFO = INCLUDE_SOURCE;
				MTL_FAST_MATH = YES;
				ONLY_ACTIVE_ARCH = YES;
				PRODUCT_BUNDLE_IDENTIFIER = "com.-bundle-identifier-name-0x07.Example-iOS";
				PRODUCT_NAME = "_Template_Project0x07 Example";
				SDKROOT = iphoneos;
				SWIFT_ACTIVE_COMPILATION_CONDITIONS = DEBUG;
				SWIFT_OBJC_BRIDGING_HEADER = "Sources/Example iOS-Bridging-Header.h";
				SWIFT_OPTIMIZATION_LEVEL = "-Onone";
				SWIFT_VERSION = 5.0;
				TARGETED_DEVICE_FAMILY = "1,2";
			};
			name = Debug;
		};
		600A203524588BD100CB9316 /* Release */ = {
			isa = XCBuildConfiguration;
			buildSettings = {
				ALWAYS_SEARCH_USER_PATHS = NO;
				ASSETCATALOG_COMPILER_APPICON_NAME = AppIcon;
				CLANG_ANALYZER_NONNULL = YES;
				CLANG_ANALYZER_NUMBER_OBJECT_CONVERSION = YES_AGGRESSIVE;
				CLANG_CXX_LANGUAGE_STANDARD = "gnu++14";
				CLANG_CXX_LIBRARY = "libc++";
				CLANG_ENABLE_MODULES = YES;
				CLANG_ENABLE_OBJC_ARC = YES;
				CLANG_ENABLE_OBJC_WEAK = YES;
				CLANG_WARN_BLOCK_CAPTURE_AUTORELEASING = YES;
				CLANG_WARN_BOOL_CONVERSION = YES;
				CLANG_WARN_COMMA = YES;
				CLANG_WARN_CONSTANT_CONVERSION = YES;
				CLANG_WARN_DEPRECATED_OBJC_IMPLEMENTATIONS = YES;
				CLANG_WARN_DIRECT_OBJC_ISA_USAGE = YES_ERROR;
				CLANG_WARN_DOCUMENTATION_COMMENTS = YES;
				CLANG_WARN_EMPTY_BODY = YES;
				CLANG_WARN_ENUM_CONVERSION = YES;
				CLANG_WARN_INFINITE_RECURSION = YES;
				CLANG_WARN_INT_CONVERSION = YES;
				CLANG_WARN_NON_LITERAL_NULL_CONVERSION = YES;
				CLANG_WARN_OBJC_IMPLICIT_RETAIN_SELF = YES;
				CLANG_WARN_OBJC_LITERAL_CONVERSION = YES;
				CLANG_WARN_OBJC_ROOT_CLASS = YES_ERROR;
				CLANG_WARN_RANGE_LOOP_ANALYSIS = YES;
				CLANG_WARN_STRICT_PROTOTYPES = YES;
				CLANG_WARN_SUSPICIOUS_MOVE = YES;
				CLANG_WARN_UNGUARDED_AVAILABILITY = YES_AGGRESSIVE;
				CLANG_WARN_UNREACHABLE_CODE = YES;
				CLANG_WARN__DUPLICATE_METHOD_MATCH = YES;
				CODE_SIGN_STYLE = Automatic;
				COPY_PHASE_STRIP = NO;
				DEBUG_INFORMATION_FORMAT = "dwarf-with-dsym";
				ENABLE_NS_ASSERTIONS = NO;
				ENABLE_STRICT_OBJC_MSGSEND = YES;
				GCC_C_LANGUAGE_STANDARD = gnu11;
				GCC_NO_COMMON_BLOCKS = YES;
				GCC_WARN_64_TO_32_BIT_CONVERSION = YES;
				GCC_WARN_ABOUT_RETURN_TYPE = YES_ERROR;
				GCC_WARN_UNDECLARED_SELECTOR = YES;
				GCC_WARN_UNINITIALIZED_AUTOS = YES_AGGRESSIVE;
				GCC_WARN_UNUSED_FUNCTION = YES;
				GCC_WARN_UNUSED_VARIABLE = YES;
				INFOPLIST_FILE = "$(SRCROOT)/Sources/Info.plist";
				IPHONEOS_DEPLOYMENT_TARGET = 9.0;
				LD_RUNPATH_SEARCH_PATHS = (
					"$(inherited)",
					"@executable_path/Frameworks",
				);
				MTL_ENABLE_DEBUG_INFO = NO;
				MTL_FAST_MATH = YES;
				PRODUCT_BUNDLE_IDENTIFIER = "com.-bundle-identifier-name-0x07.Example-iOS";
				PRODUCT_NAME = "_Template_Project0x07 Example";
				SDKROOT = iphoneos;
				SWIFT_COMPILATION_MODE = wholemodule;
				SWIFT_OBJC_BRIDGING_HEADER = "Sources/Example iOS-Bridging-Header.h";
				SWIFT_OPTIMIZATION_LEVEL = "-O";
				SWIFT_VERSION = 5.0;
				TARGETED_DEVICE_FAMILY = "1,2";
				VALIDATE_PRODUCT = YES;
			};
			name = Release;
		};
/* End XCBuildConfiguration section */

/* Begin XCConfigurationList section */
		600A201A24588BAF00CB9316 /* Build configuration list for PBXProject "Examples" */ = {
			isa = XCConfigurationList;
			buildConfigurations = (
				600A201B24588BAF00CB9316 /* Debug */,
				600A201C24588BAF00CB9316 /* Release */,
			);
			defaultConfigurationIsVisible = 0;
			defaultConfigurationName = Release;
		};
		600A203324588BD100CB9316 /* Build configuration list for PBXNativeTarget "Example iOS" */ = {
			isa = XCConfigurationList;
			buildConfigurations = (
				600A203424588BD100CB9316 /* Debug */,
				600A203524588BD100CB9316 /* Release */,
			);
			defaultConfigurationIsVisible = 0;
			defaultConfigurationName = Release;
		};
/* End XCConfigurationList section */
	};
	rootObject = 600A201724588BAF00CB9316 /* Project object */;
}
